
Microsoft Visual Studio Solution File, Format Version 10.00
# Visual C++ Express 2008
Project("{8BC9CEB8-8B4A-11D0-8D11-00A0C91BC942}") = "Astroid 3D", "Astroid 3D\Astroid 3D.vcproj", "{AD0773D6-DCA8-4FD6-90DB-849CCDBF2094}"
EndProject
Global
	GlobalSection(SolutionConfigurationPlatforms) = preSolution
		Debug|Win32 = Debug|Win32
		Release|Win32 = Release|Win32
	EndGlobalSection
	GlobalSection(ProjectConfigurationPlatforms) = postSolution
		{AD0773D6-DCA8-4FD6-90DB-849CCDBF2094}.Debug|Win32.ActiveCfg = Debug|Win32
		{AD0773D6-DCA8-4FD6-90DB-849CCDBF2094}.Debug|Win32.Build.0 = Debug|Win32
		{AD0773D6-DCA8-4FD6-90DB-849CCDBF2094}.Release|Win32.ActiveCfg = Release|Win32
		{AD0773D6-DCA8-4FD6-90DB-849CCDBF2094}.Release|Win32.Build.0 = Release|Win32
	EndGlobalSection
	GlobalSection(SolutionProperties) = preSolution
		HideSolutionNode = FALSE
	EndGlobalSection
EndGlobal
